// !$*UTF8*$!
{
	archiveVersion = 1;
	classes = {
	};
	objectVersion = 56;
	objects = {

/* Begin PBXBuildFile section */
		D597C04D2B97E1A90035508F /* IdentifyingApp.swift in Sources */ = {isa = PBXBuildFile; fileRef = D597C04C2B97E1A90035508F /* IdentifyingApp.swift */; };
		D597C04F2B97E1A90035508F /* ContentView.swift in Sources */ = {isa = PBXBuildFile; fileRef = D597C04E2B97E1A90035508F /* ContentView.swift */; };
		D597C0512B97E1B30035508F /* Assets.xcassets in Resources */ = {isa = PBXBuildFile; fileRef = D597C0502B97E1B30035508F /* Assets.xcassets */; };
		D597C0542B97E1B30035508F /* Preview Assets.xcassets in Resources */ = {isa = PBXBuildFile; fileRef = D597C0532B97E1B30035508F /* Preview Assets.xcassets */; };
		D597C05E2B97E23D0035508F /* CameraModel.swift in Sources */ = {isa = PBXBuildFile; fileRef = D597C05D2B97E23D0035508F /* CameraModel.swift */; };
		D597C0602B97EC3A0035508F /* ImageClassifications.swift in Sources */ = {isa = PBXBuildFile; fileRef = D597C05F2B97EC3A0035508F /* ImageClassifications.swift */; };
		D597C3122BA115B40009C2A1 /* FlashLight.swift in Sources */ = {isa = PBXBuildFile; fileRef = D597C3112BA115B40009C2A1 /* FlashLight.swift */; };
		D5999FC72B99701C007442C9 /* Models in Resources */ = {isa = PBXBuildFile; fileRef = D5999FC62B99701C007442C9 /* Models */; };
		D5A9D9682C1FAE280036C029 /* MobileNetV2.mlmodel in Sources */ = {isa = PBXBuildFile; fileRef = D5A9D9672C1FAE270036C029 /* MobileNetV2.mlmodel */; };
		D5B4C7BB2BF56ED400CE2B40 /* Details.swift in Sources */ = {isa = PBXBuildFile; fileRef = D5B4C7BA2BF56ED400CE2B40 /* Details.swift */; };
/* End PBXBuildFile section */

/* Begin PBXFileReference section */
		D597C0492B97E1A90035508F /* Identifying.app */ = {isa = PBXFileReference; explicitFileType = wrapper.application; includeInIndex = 0; path = Identifying.app; sourceTree = BUILT_PRODUCTS_DIR; };
		D597C04C2B97E1A90035508F /* IdentifyingApp.swift */ = {isa = PBXFileReference; lastKnownFileType = sourcecode.swift; path = IdentifyingApp.swift; sourceTree = "<group>"; };
		D597C04E2B97E1A90035508F /* ContentView.swift */ = {isa = PBXFileReference; lastKnownFileType = sourcecode.swift; path = ContentView.swift; sourceTree = "<group>"; };
		D597C0502B97E1B30035508F /* Assets.xcassets */ = {isa = PBXFileReference; lastKnownFileType = folder.assetcatalog; path = Assets.xcassets; sourceTree = "<group>"; };
		D597C0532B97E1B30035508F /* Preview Assets.xcassets */ = {isa = PBXFileReference; lastKnownFileType = folder.assetcatalog; path = "Preview Assets.xcassets"; sourceTree = "<group>"; };
		D597C05D2B97E23D0035508F /* CameraModel.swift */ = {isa = PBXFileReference; lastKnownFileType = sourcecode.swift; path = CameraModel.swift; sourceTree = "<group>"; };
		D597C05F2B97EC3A0035508F /* ImageClassifications.swift */ = {isa = PBXFileReference; lastKnownFileType = sourcecode.swift; path = ImageClassifications.swift; sourceTree = "<group>"; };
		D597C3112BA115B40009C2A1 /* FlashLight.swift */ = {isa = PBXFileReference; lastKnownFileType = sourcecode.swift; path = FlashLight.swift; sourceTree = "<group>"; };
		D5999FC62B99701C007442C9 /* Models */ = {isa = PBXFileReference; lastKnownFileType = folder; path = Models; sourceTree = "<group>"; };
		D5A9D9672C1FAE270036C029 /* MobileNetV2.mlmodel */ = {isa = PBXFileReference; lastKnownFileType = file.mlmodel; path = MobileNetV2.mlmodel; sourceTree = "<group>"; };
		D5B4C7BA2BF56ED400CE2B40 /* Details.swift */ = {isa = PBXFileReference; lastKnownFileType = sourcecode.swift; path = Details.swift; sourceTree = "<group>"; };
/* End PBXFileReference section */

/* Begin PBXFrameworksBuildPhase section */
		D597C0462B97E1A90035508F /* Frameworks */ = {
			isa = PBXFrameworksBuildPhase;
			buildActionMask = 2147483647;
			files = (
			);
			runOnlyForDeploymentPostprocessing = 0;
		};
/* End PBXFrameworksBuildPhase section */

/* Begin PBXGroup section */
		D597C0402B97E1A90035508F = {
			isa = PBXGroup;
			children = (
				D597C04B2B97E1A90035508F /* Identifying */,
				D597C04A2B97E1A90035508F /* Products */,
			);
			sourceTree = "<group>";
		};
		D597C04A2B97E1A90035508F /* Products */ = {
			isa = PBXGroup;
			children = (
				D597C0492B97E1A90035508F /* Identifying.app */,
			);
			name = Products;
			sourceTree = "<group>";
		};
		D597C04B2B97E1A90035508F /* Identifying */ = {
			isa = PBXGroup;
			children = (
				D597C05C2B97E1EC0035508F /* ContentView */,
				D597C05B2B97E1D30035508F /* CoreML */,
				D597C05A2B97E1C60035508F /* Camera */,
				D597C0502B97E1B30035508F /* Assets.xcassets */,
				D597C0522B97E1B30035508F /* Preview Content */,
			);
			path = Identifying;
			sourceTree = "<group>";
		};
		D597C0522B97E1B30035508F /* Preview Content */ = {
			isa = PBXGroup;
			children = (
				D597C0532B97E1B30035508F /* Preview Assets.xcassets */,
			);
			path = "Preview Content";
			sourceTree = "<group>";
		};
		D597C05A2B97E1C60035508F /* Camera */ = {
			isa = PBXGroup;
			children = (
				D597C05D2B97E23D0035508F /* CameraModel.swift */,
				D597C3112BA115B40009C2A1 /* FlashLight.swift */,
			);
			path = Camera;
			sourceTree = "<group>";
		};
		D597C05B2B97E1D30035508F /* CoreML */ = {
			isa = PBXGroup;
			children = (
				D597C05F2B97EC3A0035508F /* ImageClassifications.swift */,
				D5A9D9672C1FAE270036C029 /* MobileNetV2.mlmodel */,
				D5B4C7BA2BF56ED400CE2B40 /* Details.swift */,
				D5999FC62B99701C007442C9 /* Models */,
			);
			path = CoreML;
			sourceTree = "<group>";
		};
		D597C05C2B97E1EC0035508F /* ContentView */ = {
			isa = PBXGroup;
			children = (
				D597C04E2B97E1A90035508F /* ContentView.swift */,
				D597C04C2B97E1A90035508F /* IdentifyingApp.swift */,
			);
			path = ContentView;
			sourceTree = "<group>";
		};
/* End PBXGroup section */

/* Begin PBXNativeTarget section */
		D597C0482B97E1A90035508F /* Identifying */ = {
			isa = PBXNativeTarget;
			buildConfigurationList = D597C0572B97E1B30035508F /* Build configuration list for PBXNativeTarget "Identifying" */;
			buildPhases = (
				D597C0452B97E1A90035508F /* Sources */,
				D597C0462B97E1A90035508F /* Frameworks */,
				D597C0472B97E1A90035508F /* Resources */,
			);
			buildRules = (
			);
			dependencies = (
			);
			name = Identifying;
			productName = Identifying;
			productReference = D597C0492B97E1A90035508F /* Identifying.app */;
			productType = "com.apple.product-type.application";
		};
/* End PBXNativeTarget section */

/* Begin PBXProject section */
		D597C0412B97E1A90035508F /* Project object */ = {
			isa = PBXProject;
			attributes = {
				BuildIndependentTargetsInParallel = 1;
				LastSwiftUpdateCheck = 1500;
				LastUpgradeCheck = 1500;
				TargetAttributes = {
					D597C0482B97E1A90035508F = {
						CreatedOnToolsVersion = 15.0.1;
					};
				};
			};
			buildConfigurationList = D597C0442B97E1A90035508F /* Build configuration list for PBXProject "Identifying" */;
			compatibilityVersion = "Xcode 14.0";
			developmentRegion = en;
			hasScannedForEncodings = 0;
			knownRegions = (
				en,
				Base,
			);
			mainGroup = D597C0402B97E1A90035508F;
			productRefGroup = D597C04A2B97E1A90035508F /* Products */;
			projectDirPath = "";
			projectRoot = "";
			targets = (
				D597C0482B97E1A90035508F /* Identifying */,
			);
		};
/* End PBXProject section */

/* Begin PBXResourcesBuildPhase section */
		D597C0472B97E1A90035508F /* Resources */ = {
			isa = PBXResourcesBuildPhase;
			buildActionMask = 2147483647;
			files = (
				D5999FC72B99701C007442C9 /* Models in Resources */,
				D597C0542B97E1B30035508F /* Preview Assets.xcassets in Resources */,
				D597C0512B97E1B30035508F /* Assets.xcassets in Resources */,
			);
			runOnlyForDeploymentPostprocessing = 0;
		};
/* End PBXResourcesBuildPhase section */

/* Begin PBXSourcesBuildPhase section */
		D597C0452B97E1A90035508F /* Sources */ = {
			isa = PBXSourcesBuildPhase;
			buildActionMask = 2147483647;
			files = (
				D597C04F2B97E1A90035508F /* ContentView.swift in Sources */,
				D5A9D9682C1FAE280036C029 /* MobileNetV2.mlmodel in Sources */,
				D597C3122BA115B40009C2A1 /* FlashLight.swift in Sources */,
				D597C04D2B97E1A90035508F /* IdentifyingApp.swift in Sources */,
				D597C05E2B97E23D0035508F /* CameraModel.swift in Sources */,
				D597C0602B97EC3A0035508F /* ImageClassifications.swift in Sources */,
				D5B4C7BB2BF56ED400CE2B40 /* Details.swift in Sources */,
			);
			runOnlyForDeploymentPostprocessing = 0;
		};
/* End PBXSourcesBuildPhase section */

/* Begin XCBuildConfiguration section */
		D597C0552B97E1B30035508F /* Debug */ = {
			isa = XCBuildConfiguration;
			buildSettings = {
				ALWAYS_SEARCH_USER_PATHS = NO;
				ASSETCATALOG_COMPILER_GENERATE_SWIFT_ASSET_SYMBOL_EXTENSIONS = YES;
				CLANG_ANALYZER_NONNULL = YES;
				CLANG_ANALYZER_NUMBER_OBJECT_CONVERSION = YES_AGGRESSIVE;
				CLANG_CXX_LANGUAGE_STANDARD = "gnu++20";
				CLANG_ENABLE_MODULES = YES;
				CLANG_ENABLE_OBJC_ARC = YES;
				CLANG_ENABLE_OBJC_WEAK = YES;
				CLANG_WARN_BLOCK_CAPTURE_AUTORELEASING = YES;
				CLANG_WARN_BOOL_CONVERSION = YES;
				CLANG_WARN_COMMA = YES;
				CLANG_WARN_CONSTANT_CONVERSION = YES;
				CLANG_WARN_DEPRECATED_OBJC_IMPLEMENTATIONS = YES;
				CLANG_WARN_DIRECT_OBJC_ISA_USAGE = YES_ERROR;
				CLANG_WARN_DOCUMENTATION_COMMENTS = YES;
				CLANG_WARN_EMPTY_BODY = YES;
				CLANG_WARN_ENUM_CONVERSION = YES;
				CLANG_WARN_INFINITE_RECURSION = YES;
				CLANG_WARN_INT_CONVERSION = YES;
				CLANG_WARN_NON_LITERAL_NULL_CONVERSION = YES;
				CLANG_WARN_OBJC_IMPLICIT_RETAIN_SELF = YES;
				CLANG_WARN_OBJC_LITERAL_CONVERSION = YES;
				CLANG_WARN_OBJC_ROOT_CLASS = YES_ERROR;
				CLANG_WARN_QUOTED_INCLUDE_IN_FRAMEWORK_HEADER = YES;
				CLANG_WARN_RANGE_LOOP_ANALYSIS = YES;
				CLANG_WARN_STRICT_PROTOTYPES = YES;
				CLANG_WARN_SUSPICIOUS_MOVE = YES;
				CLANG_WARN_UNGUARDED_AVAILABILITY = YES_AGGRESSIVE;
				CLANG_WARN_UNREACHABLE_CODE = YES;
				CLANG_WARN__DUPLICATE_METHOD_MATCH = YES;
				COPY_PHASE_STRIP = NO;
				DEBUG_INFORMATION_FORMAT = dwarf;
				ENABLE_STRICT_OBJC_MSGSEND = YES;
				ENABLE_TESTABILITY = YES;
				ENABLE_USER_SCRIPT_SANDBOXING = YES;
				GCC_C_LANGUAGE_STANDARD = gnu17;
				GCC_DYNAMIC_NO_PIC = NO;
				GCC_NO_COMMON_BLOCKS = YES;
				GCC_OPTIMIZATION_LEVEL = 0;
				GCC_PREPROCESSOR_DEFINITIONS = (
					"DEBUG=1",
					"$(inherited)",
				);
				GCC_WARN_64_TO_32_BIT_CONVERSION = YES;
				GCC_WARN_ABOUT_RETURN_TYPE = YES_ERROR;
				GCC_WARN_UNDECLARED_SELECTOR = YES;
				GCC_WARN_UNINITIALIZED_AUTOS = YES_AGGRESSIVE;
				GCC_WARN_UNUSED_FUNCTION = YES;
				GCC_WARN_UNUSED_VARIABLE = YES;
				IPHONEOS_DEPLOYMENT_TARGET = 17.0;
				LOCALIZATION_PREFERS_STRING_CATALOGS = YES;
				MTL_ENABLE_DEBUG_INFO = INCLUDE_SOURCE;
				MTL_FAST_MATH = YES;
				ONLY_ACTIVE_ARCH = YES;
				SDKROOT = iphoneos;
				SWIFT_ACTIVE_COMPILATION_CONDITIONS = "DEBUG $(inherited)";
				SWIFT_OPTIMIZATION_LEVEL = "-Onone";
			};
			name = Debug;
		};
		D597C0562B97E1B30035508F /* Release */ = {
			isa = XCBuildConfiguration;
			buildSettings = {
				ALWAYS_SEARCH_USER_PATHS = NO;
				ASSETCATALOG_COMPILER_GENERATE_SWIFT_ASSET_SYMBOL_EXTENSIONS = YES;
				CLANG_ANALYZER_NONNULL = YES;
				CLANG_ANALYZER_NUMBER_OBJECT_CONVERSION = YES_AGGRESSIVE;
				CLANG_CXX_LANGUAGE_STANDARD = "gnu++20";
				CLANG_ENABLE_MODULES = YES;
				CLANG_ENABLE_OBJC_ARC = YES;
				CLANG_ENABLE_OBJC_WEAK = YES;
				CLANG_WARN_BLOCK_CAPTURE_AUTORELEASING = YES;
				CLANG_WARN_BOOL_CONVERSION = YES;
				CLANG_WARN_COMMA = YES;
				CLANG_WARN_CONSTANT_CONVERSION = YES;
				CLANG_WARN_DEPRECATED_OBJC_IMPLEMENTATIONS = YES;
				CLANG_WARN_DIRECT_OBJC_ISA_USAGE = YES_ERROR;
				CLANG_WARN_DOCUMENTATION_COMMENTS = YES;
				CLANG_WARN_EMPTY_BODY = YES;
				CLANG_WARN_ENUM_CONVERSION = YES;
				CLANG_WARN_INFINITE_RECURSION = YES;
				CLANG_WARN_INT_CONVERSION = YES;
				CLANG_WARN_NON_LITERAL_NULL_CONVERSION = YES;
				CLANG_WARN_OBJC_IMPLICIT_RETAIN_SELF = YES;
				CLANG_WARN_OBJC_LITERAL_CONVERSION = YES;
				CLANG_WARN_OBJC_ROOT_CLASS = YES_ERROR;
				CLANG_WARN_QUOTED_INCLUDE_IN_FRAMEWORK_HEADER = YES;
				CLANG_WARN_RANGE_LOOP_ANALYSIS = YES;
				CLANG_WARN_STRICT_PROTOTYPES = YES;
				CLANG_WARN_SUSPICIOUS_MOVE = YES;
				CLANG_WARN_UNGUARDED_AVAILABILITY = YES_AGGRESSIVE;
				CLANG_WARN_UNREACHABLE_CODE = YES;
				CLANG_WARN__DUPLICATE_METHOD_MATCH = YES;
				COPY_PHASE_STRIP = NO;
				DEBUG_INFORMATION_FORMAT = "dwarf-with-dsym";
				ENABLE_NS_ASSERTIONS = NO;
				ENABLE_STRICT_OBJC_MSGSEND = YES;
				ENABLE_USER_SCRIPT_SANDBOXING = YES;
				GCC_C_LANGUAGE_STANDARD = gnu17;
				GCC_NO_COMMON_BLOCKS = YES;
				GCC_WARN_64_TO_32_BIT_CONVERSION = YES;
				GCC_WARN_ABOUT_RETURN_TYPE = YES_ERROR;
				GCC_WARN_UNDECLARED_SELECTOR = YES;
				GCC_WARN_UNINITIALIZED_AUTOS = YES_AGGRESSIVE;
				GCC_WARN_UNUSED_FUNCTION = YES;
				GCC_WARN_UNUSED_VARIABLE = YES;
				IPHONEOS_DEPLOYMENT_TARGET = 17.0;
				LOCALIZATION_PREFERS_STRING_CATALOGS = YES;
				MTL_ENABLE_DEBUG_INFO = NO;
				MTL_FAST_MATH = YES;
				SDKROOT = iphoneos;
				SWIFT_COMPILATION_MODE = wholemodule;
				VALIDATE_PRODUCT = YES;
			};
			name = Release;
		};
		D597C0582B97E1B30035508F /* Debug */ = {
			isa = XCBuildConfiguration;
			buildSettings = {
				ASSETCATALOG_COMPILER_APPICON_NAME = AppIcon;
				ASSETCATALOG_COMPILER_GLOBAL_ACCENT_COLOR_NAME = AccentColor;
				ASSETCATALOG_COMPILER_INCLUDE_ALL_APPICON_ASSETS = NO;
				CODE_SIGN_STYLE = Automatic;
				CURRENT_PROJECT_VERSION = 1;
				DEVELOPMENT_ASSET_PATHS = "\"Identifying/Preview Content\"";
				DEVELOPMENT_TEAM = K38PDRVMVA;
				ENABLE_PREVIEWS = YES;
				GENERATE_INFOPLIST_FILE = YES;
				INFOPLIST_KEY_NSCameraUsageDescription = "This app requires access to  the camera to capture photos for  fruit identification.\n";
				INFOPLIST_KEY_UIApplicationSceneManifest_Generation = YES;
				INFOPLIST_KEY_UIApplicationSupportsIndirectInputEvents = YES;
				INFOPLIST_KEY_UILaunchScreen_Generation = YES;
				INFOPLIST_KEY_UISupportedInterfaceOrientations = "UIInterfaceOrientationLandscapeLeft UIInterfaceOrientationLandscapeRight UIInterfaceOrientationPortrait UIInterfaceOrientationPortraitUpsideDown";
				IPHONEOS_DEPLOYMENT_TARGET = 17.4;
				LD_RUNPATH_SEARCH_PATHS = (
					"$(inherited)",
					"@executable_path/Frameworks",
				);
				MARKETING_VERSION = 1.2;
				PRODUCT_BUNDLE_IDENTIFIER = Exercises.Identifying;
				PRODUCT_NAME = "$(TARGET_NAME)";
				SUPPORTED_PLATFORMS = "iphoneos iphonesimulator";
				SUPPORTS_MACCATALYST = NO;
				SUPPORTS_MAC_DESIGNED_FOR_IPHONE_IPAD = NO;
				SUPPORTS_XR_DESIGNED_FOR_IPHONE_IPAD = NO;
				SWIFT_EMIT_LOC_STRINGS = YES;
				SWIFT_VERSION = 5.0;
				TARGETED_DEVICE_FAMILY = "1,2";
			};
			name = Debug;
		};
		D597C0592B97E1B30035508F /* Release */ = {
			isa = XCBuildConfiguration;
			buildSettings = {
				ASSETCATALOG_COMPILER_APPICON_NAME = AppIcon;
				ASSETCATALOG_COMPILER_GLOBAL_ACCENT_COLOR_NAME = AccentColor;
				ASSETCATALOG_COMPILER_INCLUDE_ALL_APPICON_ASSETS = NO;
				CODE_SIGN_STYLE = Automatic;
				CURRENT_PROJECT_VERSION = 1;
				DEVELOPMENT_ASSET_PATHS = "\"Identifying/Preview Content\"";
				DEVELOPMENT_TEAM = K38PDRVMVA;
				ENABLE_PREVIEWS = YES;
				GENERATE_INFOPLIST_FILE = YES;
				INFOPLIST_KEY_NSCameraUsageDescription = "This app requires access to  the camera to capture photos for  fruit identification.\n";
				INFOPLIST_KEY_UIApplicationSceneManifest_Generation = YES;
				INFOPLIST_KEY_UIApplicationSupportsIndirectInputEvents = YES;
				INFOPLIST_KEY_UILaunchScreen_Generation = YES;
				INFOPLIST_KEY_UISupportedInterfaceOrientations = "UIInterfaceOrientationLandscapeLeft UIInterfaceOrientationLandscapeRight UIInterfaceOrientationPortrait UIInterfaceOrientationPortraitUpsideDown";
				IPHONEOS_DEPLOYMENT_TARGET = 17.4;
				LD_RUNPATH_SEARCH_PATHS = (
					"$(inherited)",
					"@executable_path/Frameworks",
				);
				MARKETING_VERSION = 1.2;
				PRODUCT_BUNDLE_IDENTIFIER = Exercises.Identifying;
				PRODUCT_NAME = "$(TARGET_NAME)";
				SUPPORTED_PLATFORMS = "iphoneos iphonesimulator";
				SUPPORTS_MACCATALYST = NO;
				SUPPORTS_MAC_DESIGNED_FOR_IPHONE_IPAD = NO;
				SUPPORTS_XR_DESIGNED_FOR_IPHONE_IPAD = NO;
				SWIFT_EMIT_LOC_STRINGS = YES;
				SWIFT_VERSION = 5.0;
				TARGETED_DEVICE_FAMILY = "1,2";
			};
			name = Release;
		};
/* End XCBuildConfiguration section */

/* Begin XCConfigurationList section */
		D597C0442B97E1A90035508F /* Build configuration list for PBXProject "Identifying" */ = {
			isa = XCConfigurationList;
			buildConfigurations = (
				D597C0552B97E1B30035508F /* Debug */,
				D597C0562B97E1B30035508F /* Release */,
			);
			defaultConfigurationIsVisible = 0;
			defaultConfigurationName = Release;
		};
		D597C0572B97E1B30035508F /* Build configuration list for PBXNativeTarget "Identifying" */ = {
			isa = XCConfigurationList;
			buildConfigurations = (
				D597C0582B97E1B30035508F /* Debug */,
				D597C0592B97E1B30035508F /* Release */,
			);
			defaultConfigurationIsVisible = 0;
			defaultConfigurationName = Release;
		};
/* End XCConfigurationList section */
	};
	rootObject = D597C0412B97E1A90035508F /* Project object */;
}
